
Microsoft Visual Studio Solution File, Format Version 12.00
# Visual Studio Version 16
VisualStudioVersion = 16.0.30804.86
MinimumVisualStudioVersion = 10.0.40219.1
Project("{FAE04EC0-301F-11D3-BF4B-00C04F79EFBC}") = "FigureArea", "FigureArea.csproj", "{98ACD8E2-AA45-47F8-872F-BD36F2DECFD5}"
EndProject
Project("{FAE04EC0-301F-11D3-BF4B-00C04F79EFBC}") = "FigureArea.Tests", "..\FigureArea.Tests\FigureArea.Tests.csproj", "{C8E19018-F8AD-43D2-A6DF-7531E5F1E49A}"
EndProject
Global
	GlobalSection(SolutionConfigurationPlatforms) = preSolution
		Debug|Any CPU = Debug|Any CPU
		Release|Any CPU = Release|Any CPU
	EndGlobalSection
	GlobalSection(ProjectConfigurationPlatforms) = postSolution
		{98ACD8E2-AA45-47F8-872F-BD36F2DECFD5}.Debug|Any CPU.ActiveCfg = Debug|Any CPU
		{98ACD8E2-AA45-47F8-872F-BD36F2DECFD5}.Debug|Any CPU.Build.0 = Debug|Any CPU
		{98ACD8E2-AA45-47F8-872F-BD36F2DECFD5}.Release|Any CPU.ActiveCfg = Release|Any CPU
		{98ACD8E2-AA45-47F8-872F-BD36F2DECFD5}.Release|Any CPU.Build.0 = Release|Any CPU
		{C8E19018-F8AD-43D2-A6DF-7531E5F1E49A}.Debug|Any CPU.ActiveCfg = Debug|Any CPU
		{C8E19018-F8AD-43D2-A6DF-7531E5F1E49A}.Debug|Any CPU.Build.0 = Debug|Any CPU
		{C8E19018-F8AD-43D2-A6DF-7531E5F1E49A}.Release|Any CPU.ActiveCfg = Release|Any CPU
		{C8E19018-F8AD-43D2-A6DF-7531E5F1E49A}.Release|Any CPU.Build.0 = Release|Any CPU
	EndGlobalSection
	GlobalSection(SolutionProperties) = preSolution
		HideSolutionNode = FALSE
	EndGlobalSection
	GlobalSection(ExtensibilityGlobals) = postSolution
		SolutionGuid = {6C20B00E-BEBD-4A2D-AB62-FA5AABD86EC9}
	EndGlobalSection
EndGlobal
